
Microsoft Visual Studio Solution File, Format Version 12.00
# Visual Studio Version 17
VisualStudioVersion = 17.11.35327.3
MinimumVisualStudioVersion = 10.0.40219.1
Project("{FAE04EC0-301F-11D3-BF4B-00C04F79EFBC}") = "Project2", "Project2.csproj", "{D9D537DD-057D-45A3-A913-7923088315B9}"
EndProject
Global
	GlobalSection(SolutionConfigurationPlatforms) = preSolution
		Debug|Any CPU = Debug|Any CPU
		Release|Any CPU = Release|Any CPU
	EndGlobalSection
	GlobalSection(ProjectConfigurationPlatforms) = postSolution
		{D9D537DD-057D-45A3-A913-7923088315B9}.Debug|Any CPU.ActiveCfg = Debug|Any CPU
		{D9D537DD-057D-45A3-A913-7923088315B9}.Debug|Any CPU.Build.0 = Debug|Any CPU
		{D9D537DD-057D-45A3-A913-7923088315B9}.Release|Any CPU.ActiveCfg = Release|Any CPU
		{D9D537DD-057D-45A3-A913-7923088315B9}.Release|Any CPU.Build.0 = Release|Any CPU
	EndGlobalSection
	GlobalSection(SolutionProperties) = preSolution
		HideSolutionNode = FALSE
	EndGlobalSection
	GlobalSection(ExtensibilityGlobals) = postSolution
		SolutionGuid = {AF4E6BFE-0414-467C-BB80-E1BF54A3455B}
	EndGlobalSection
EndGlobal
